
Microsoft Visual Studio Solution File, Format Version 12.00
# Visual Studio Version 16
VisualStudioVersion = 16.0.31702.278
MinimumVisualStudioVersion = 10.0.40219.1
Project("{9A19103F-16F7-4668-BE54-9A1E7A4F7556}") = "Assessment6CS", "Assessment6CS.csproj", "{8B0C8E85-9BDB-4DB3-95F3-C029F39A64AB}"
EndProject
Project("{9A19103F-16F7-4668-BE54-9A1E7A4F7556}") = "Management", "D:\Training\SqlDay6\Store\Management.csproj", "{9F0224B4-092D-4EB5-94A9-C67556899663}"
EndProject
Global
	GlobalSection(SolutionConfigurationPlatforms) = preSolution
		Debug|Any CPU = Debug|Any CPU
		Release|Any CPU = Release|Any CPU
	EndGlobalSection
	GlobalSection(ProjectConfigurationPlatforms) = postSolution
		{8B0C8E85-9BDB-4DB3-95F3-C029F39A64AB}.Debug|Any CPU.ActiveCfg = Debug|Any CPU
		{8B0C8E85-9BDB-4DB3-95F3-C029F39A64AB}.Debug|Any CPU.Build.0 = Debug|Any CPU
		{8B0C8E85-9BDB-4DB3-95F3-C029F39A64AB}.Release|Any CPU.ActiveCfg = Release|Any CPU
		{8B0C8E85-9BDB-4DB3-95F3-C029F39A64AB}.Release|Any CPU.Build.0 = Release|Any CPU
		{9F0224B4-092D-4EB5-94A9-C67556899663}.Debug|Any CPU.ActiveCfg = Debug|Any CPU
		{9F0224B4-092D-4EB5-94A9-C67556899663}.Debug|Any CPU.Build.0 = Debug|Any CPU
		{9F0224B4-092D-4EB5-94A9-C67556899663}.Release|Any CPU.ActiveCfg = Release|Any CPU
		{9F0224B4-092D-4EB5-94A9-C67556899663}.Release|Any CPU.Build.0 = Release|Any CPU
	EndGlobalSection
	GlobalSection(SolutionProperties) = preSolution
		HideSolutionNode = FALSE
	EndGlobalSection
	GlobalSection(ExtensibilityGlobals) = postSolution
		SolutionGuid = {6754CBA9-136B-4248-96D5-48877CAFE5B7}
	EndGlobalSection
EndGlobal
