
Microsoft Visual Studio Solution File, Format Version 12.00
# Visual Studio Version 16
VisualStudioVersion = 16.0.31702.278
MinimumVisualStudioVersion = 10.0.40219.1
Project("{9A19103F-16F7-4668-BE54-9A1E7A4F7556}") = "SocCSharpEcommerce", "SocCSharpEcommerce.csproj", "{81F56FD7-1318-4607-B4C9-8EAC93FA374A}"
EndProject
Project("{9A19103F-16F7-4668-BE54-9A1E7A4F7556}") = "OrderEcommerceProject", "..\OrderEcommerceProject\OrderEcommerceProject.csproj", "{181A6432-988E-4CFA-8812-1D7440F0F3D4}"
EndProject
Project("{9A19103F-16F7-4668-BE54-9A1E7A4F7556}") = "ProductEcommerce", "..\ProductEcommerce\ProductEcommerce.csproj", "{6E715401-3BAD-4907-A09E-E5F4DADCE5D3}"
EndProject
Project("{FAE04EC0-301F-11D3-BF4B-00C04F79EFBC}") = "StructEx", "..\StructEx\StructEx.csproj", "{6743382B-43D9-4DFB-B030-DD59F42C8794}"
EndProject
Global
	GlobalSection(SolutionConfigurationPlatforms) = preSolution
		Debug|Any CPU = Debug|Any CPU
		Debug|ARM = Debug|ARM
		Debug|ARM64 = Debug|ARM64
		Debug|x64 = Debug|x64
		Debug|x86 = Debug|x86
		Release|Any CPU = Release|Any CPU
		Release|ARM = Release|ARM
		Release|ARM64 = Release|ARM64
		Release|x64 = Release|x64
		Release|x86 = Release|x86
	EndGlobalSection
	GlobalSection(ProjectConfigurationPlatforms) = postSolution
		{81F56FD7-1318-4607-B4C9-8EAC93FA374A}.Debug|Any CPU.ActiveCfg = Debug|Any CPU
		{81F56FD7-1318-4607-B4C9-8EAC93FA374A}.Debug|Any CPU.Build.0 = Debug|Any CPU
		{81F56FD7-1318-4607-B4C9-8EAC93FA374A}.Debug|ARM.ActiveCfg = Debug|Any CPU
		{81F56FD7-1318-4607-B4C9-8EAC93FA374A}.Debug|ARM.Build.0 = Debug|Any CPU
		{81F56FD7-1318-4607-B4C9-8EAC93FA374A}.Debug|ARM64.ActiveCfg = Debug|Any CPU
		{81F56FD7-1318-4607-B4C9-8EAC93FA374A}.Debug|ARM64.Build.0 = Debug|Any CPU
		{81F56FD7-1318-4607-B4C9-8EAC93FA374A}.Debug|x64.ActiveCfg = Debug|Any CPU
		{81F56FD7-1318-4607-B4C9-8EAC93FA374A}.Debug|x64.Build.0 = Debug|Any CPU
		{81F56FD7-1318-4607-B4C9-8EAC93FA374A}.Debug|x86.ActiveCfg = Debug|Any CPU
		{81F56FD7-1318-4607-B4C9-8EAC93FA374A}.Debug|x86.Build.0 = Debug|Any CPU
		{81F56FD7-1318-4607-B4C9-8EAC93FA374A}.Release|Any CPU.ActiveCfg = Release|Any CPU
		{81F56FD7-1318-4607-B4C9-8EAC93FA374A}.Release|Any CPU.Build.0 = Release|Any CPU
		{81F56FD7-1318-4607-B4C9-8EAC93FA374A}.Release|ARM.ActiveCfg = Release|Any CPU
		{81F56FD7-1318-4607-B4C9-8EAC93FA374A}.Release|ARM.Build.0 = Release|Any CPU
		{81F56FD7-1318-4607-B4C9-8EAC93FA374A}.Release|ARM64.ActiveCfg = Release|Any CPU
		{81F56FD7-1318-4607-B4C9-8EAC93FA374A}.Release|ARM64.Build.0 = Release|Any CPU
		{81F56FD7-1318-4607-B4C9-8EAC93FA374A}.Release|x64.ActiveCfg = Release|Any CPU
		{81F56FD7-1318-4607-B4C9-8EAC93FA374A}.Release|x64.Build.0 = Release|Any CPU
		{81F56FD7-1318-4607-B4C9-8EAC93FA374A}.Release|x86.ActiveCfg = Release|Any CPU
		{81F56FD7-1318-4607-B4C9-8EAC93FA374A}.Release|x86.Build.0 = Release|Any CPU
		{181A6432-988E-4CFA-8812-1D7440F0F3D4}.Debug|Any CPU.ActiveCfg = Debug|Any CPU
		{181A6432-988E-4CFA-8812-1D7440F0F3D4}.Debug|Any CPU.Build.0 = Debug|Any CPU
		{181A6432-988E-4CFA-8812-1D7440F0F3D4}.Debug|ARM.ActiveCfg = Debug|Any CPU
		{181A6432-988E-4CFA-8812-1D7440F0F3D4}.Debug|ARM.Build.0 = Debug|Any CPU
		{181A6432-988E-4CFA-8812-1D7440F0F3D4}.Debug|ARM64.ActiveCfg = Debug|Any CPU
		{181A6432-988E-4CFA-8812-1D7440F0F3D4}.Debug|ARM64.Build.0 = Debug|Any CPU
		{181A6432-988E-4CFA-8812-1D7440F0F3D4}.Debug|x64.ActiveCfg = Debug|Any CPU
		{181A6432-988E-4CFA-8812-1D7440F0F3D4}.Debug|x64.Build.0 = Debug|Any CPU
		{181A6432-988E-4CFA-8812-1D7440F0F3D4}.Debug|x86.ActiveCfg = Debug|Any CPU
		{181A6432-988E-4CFA-8812-1D7440F0F3D4}.Debug|x86.Build.0 = Debug|Any CPU
		{181A6432-988E-4CFA-8812-1D7440F0F3D4}.Release|Any CPU.ActiveCfg = Release|Any CPU
		{181A6432-988E-4CFA-8812-1D7440F0F3D4}.Release|Any CPU.Build.0 = Release|Any CPU
		{181A6432-988E-4CFA-8812-1D7440F0F3D4}.Release|ARM.ActiveCfg = Release|Any CPU
		{181A6432-988E-4CFA-8812-1D7440F0F3D4}.Release|ARM.Build.0 = Release|Any CPU
		{181A6432-988E-4CFA-8812-1D7440F0F3D4}.Release|ARM64.ActiveCfg = Release|Any CPU
		{181A6432-988E-4CFA-8812-1D7440F0F3D4}.Release|ARM64.Build.0 = Release|Any CPU
		{181A6432-988E-4CFA-8812-1D7440F0F3D4}.Release|x64.ActiveCfg = Release|Any CPU
		{181A6432-988E-4CFA-8812-1D7440F0F3D4}.Release|x64.Build.0 = Release|Any CPU
		{181A6432-988E-4CFA-8812-1D7440F0F3D4}.Release|x86.ActiveCfg = Release|Any CPU
		{181A6432-988E-4CFA-8812-1D7440F0F3D4}.Release|x86.Build.0 = Release|Any CPU
		{6E715401-3BAD-4907-A09E-E5F4DADCE5D3}.Debug|Any CPU.ActiveCfg = Debug|Any CPU
		{6E715401-3BAD-4907-A09E-E5F4DADCE5D3}.Debug|Any CPU.Build.0 = Debug|Any CPU
		{6E715401-3BAD-4907-A09E-E5F4DADCE5D3}.Debug|ARM.ActiveCfg = Debug|Any CPU
		{6E715401-3BAD-4907-A09E-E5F4DADCE5D3}.Debug|ARM.Build.0 = Debug|Any CPU
		{6E715401-3BAD-4907-A09E-E5F4DADCE5D3}.Debug|ARM64.ActiveCfg = Debug|Any CPU
		{6E715401-3BAD-4907-A09E-E5F4DADCE5D3}.Debug|ARM64.Build.0 = Debug|Any CPU
		{6E715401-3BAD-4907-A09E-E5F4DADCE5D3}.Debug|x64.ActiveCfg = Debug|Any CPU
		{6E715401-3BAD-4907-A09E-E5F4DADCE5D3}.Debug|x64.Build.0 = Debug|Any CPU
		{6E715401-3BAD-4907-A09E-E5F4DADCE5D3}.Debug|x86.ActiveCfg = Debug|Any CPU
		{6E715401-3BAD-4907-A09E-E5F4DADCE5D3}.Debug|x86.Build.0 = Debug|Any CPU
		{6E715401-3BAD-4907-A09E-E5F4DADCE5D3}.Release|Any CPU.ActiveCfg = Release|Any CPU
		{6E715401-3BAD-4907-A09E-E5F4DADCE5D3}.Release|Any CPU.Build.0 = Release|Any CPU
		{6E715401-3BAD-4907-A09E-E5F4DADCE5D3}.Release|ARM.ActiveCfg = Release|Any CPU
		{6E715401-3BAD-4907-A09E-E5F4DADCE5D3}.Release|ARM.Build.0 = Release|Any CPU
		{6E715401-3BAD-4907-A09E-E5F4DADCE5D3}.Release|ARM64.ActiveCfg = Release|Any CPU
		{6E715401-3BAD-4907-A09E-E5F4DADCE5D3}.Release|ARM64.Build.0 = Release|Any CPU
		{6E715401-3BAD-4907-A09E-E5F4DADCE5D3}.Release|x64.ActiveCfg = Release|Any CPU
		{6E715401-3BAD-4907-A09E-E5F4DADCE5D3}.Release|x64.Build.0 = Release|Any CPU
		{6E715401-3BAD-4907-A09E-E5F4DADCE5D3}.Release|x86.ActiveCfg = Release|Any CPU
		{6E715401-3BAD-4907-A09E-E5F4DADCE5D3}.Release|x86.Build.0 = Release|Any CPU
		{6743382B-43D9-4DFB-B030-DD59F42C8794}.Debug|Any CPU.ActiveCfg = Debug|Any CPU
		{6743382B-43D9-4DFB-B030-DD59F42C8794}.Debug|Any CPU.Build.0 = Debug|Any CPU
		{6743382B-43D9-4DFB-B030-DD59F42C8794}.Debug|ARM.ActiveCfg = Debug|Any CPU
		{6743382B-43D9-4DFB-B030-DD59F42C8794}.Debug|ARM.Build.0 = Debug|Any CPU
		{6743382B-43D9-4DFB-B030-DD59F42C8794}.Debug|ARM64.ActiveCfg = Debug|Any CPU
		{6743382B-43D9-4DFB-B030-DD59F42C8794}.Debug|ARM64.Build.0 = Debug|Any CPU
		{6743382B-43D9-4DFB-B030-DD59F42C8794}.Debug|x64.ActiveCfg = Debug|Any CPU
		{6743382B-43D9-4DFB-B030-DD59F42C8794}.Debug|x64.Build.0 = Debug|Any CPU
		{6743382B-43D9-4DFB-B030-DD59F42C8794}.Debug|x86.ActiveCfg = Debug|Any CPU
		{6743382B-43D9-4DFB-B030-DD59F42C8794}.Debug|x86.Build.0 = Debug|Any CPU
		{6743382B-43D9-4DFB-B030-DD59F42C8794}.Release|Any CPU.ActiveCfg = Release|Any CPU
		{6743382B-43D9-4DFB-B030-DD59F42C8794}.Release|Any CPU.Build.0 = Release|Any CPU
		{6743382B-43D9-4DFB-B030-DD59F42C8794}.Release|ARM.ActiveCfg = Release|Any CPU
		{6743382B-43D9-4DFB-B030-DD59F42C8794}.Release|ARM.Build.0 = Release|Any CPU
		{6743382B-43D9-4DFB-B030-DD59F42C8794}.Release|ARM64.ActiveCfg = Release|Any CPU
		{6743382B-43D9-4DFB-B030-DD59F42C8794}.Release|ARM64.Build.0 = Release|Any CPU
		{6743382B-43D9-4DFB-B030-DD59F42C8794}.Release|x64.ActiveCfg = Release|Any CPU
		{6743382B-43D9-4DFB-B030-DD59F42C8794}.Release|x64.Build.0 = Release|Any CPU
		{6743382B-43D9-4DFB-B030-DD59F42C8794}.Release|x86.ActiveCfg = Release|Any CPU
		{6743382B-43D9-4DFB-B030-DD59F42C8794}.Release|x86.Build.0 = Release|Any CPU
	EndGlobalSection
	GlobalSection(SolutionProperties) = preSolution
		HideSolutionNode = FALSE
	EndGlobalSection
	GlobalSection(ExtensibilityGlobals) = postSolution
		SolutionGuid = {3EA9F9EF-1CAE-4E0C-A992-7EE48B1429DA}
	EndGlobalSection
EndGlobal
