
Microsoft Visual Studio Solution File, Format Version 12.00
# Visual Studio Version 16
VisualStudioVersion = 16.0.31702.278
MinimumVisualStudioVersion = 10.0.40219.1
Project("{9A19103F-16F7-4668-BE54-9A1E7A4F7556}") = "CollectionsCS", "CollectionsCS.csproj", "{91B3306A-EC54-4F0C-85B4-BB6A0A91078B}"
EndProject
Project("{FAE04EC0-301F-11D3-BF4B-00C04F79EFBC}") = "BasicCS_Ytb", "..\BasicCS_Ytb\BasicCS_Ytb.csproj", "{34493825-C34F-4361-9478-5445F1B6F68F}"
EndProject
Global
	GlobalSection(SolutionConfigurationPlatforms) = preSolution
		Debug|Any CPU = Debug|Any CPU
		Release|Any CPU = Release|Any CPU
	EndGlobalSection
	GlobalSection(ProjectConfigurationPlatforms) = postSolution
		{91B3306A-EC54-4F0C-85B4-BB6A0A91078B}.Debug|Any CPU.ActiveCfg = Debug|Any CPU
		{91B3306A-EC54-4F0C-85B4-BB6A0A91078B}.Debug|Any CPU.Build.0 = Debug|Any CPU
		{91B3306A-EC54-4F0C-85B4-BB6A0A91078B}.Release|Any CPU.ActiveCfg = Release|Any CPU
		{91B3306A-EC54-4F0C-85B4-BB6A0A91078B}.Release|Any CPU.Build.0 = Release|Any CPU
		{34493825-C34F-4361-9478-5445F1B6F68F}.Debug|Any CPU.ActiveCfg = Debug|Any CPU
		{34493825-C34F-4361-9478-5445F1B6F68F}.Debug|Any CPU.Build.0 = Debug|Any CPU
		{34493825-C34F-4361-9478-5445F1B6F68F}.Release|Any CPU.ActiveCfg = Release|Any CPU
		{34493825-C34F-4361-9478-5445F1B6F68F}.Release|Any CPU.Build.0 = Release|Any CPU
	EndGlobalSection
	GlobalSection(SolutionProperties) = preSolution
		HideSolutionNode = FALSE
	EndGlobalSection
	GlobalSection(ExtensibilityGlobals) = postSolution
		SolutionGuid = {A77873CB-0384-449F-97DC-C79609EE9948}
	EndGlobalSection
EndGlobal
