
Microsoft Visual Studio Solution File, Format Version 12.00
# Visual Studio Version 16
VisualStudioVersion = 16.0.31702.278
MinimumVisualStudioVersion = 10.0.40219.1
Project("{FAE04EC0-301F-11D3-BF4B-00C04F79EFBC}") = "InheritCSharp", "InheritCSharp.csproj", "{FF3DD7EC-C006-482B-9038-EC68408E962D}"
EndProject
Project("{9A19103F-16F7-4668-BE54-9A1E7A4F7556}") = "SocCSharpEcommerce", "D:\Training\SqlDay6\SocCSharpEcommerce\SocCSharpEcommerce.csproj", "{ACB346AB-5554-425D-ADC5-D96673AF8C70}"
EndProject
Global
	GlobalSection(SolutionConfigurationPlatforms) = preSolution
		Debug|Any CPU = Debug|Any CPU
		Release|Any CPU = Release|Any CPU
	EndGlobalSection
	GlobalSection(ProjectConfigurationPlatforms) = postSolution
		{FF3DD7EC-C006-482B-9038-EC68408E962D}.Debug|Any CPU.ActiveCfg = Debug|Any CPU
		{FF3DD7EC-C006-482B-9038-EC68408E962D}.Debug|Any CPU.Build.0 = Debug|Any CPU
		{FF3DD7EC-C006-482B-9038-EC68408E962D}.Release|Any CPU.ActiveCfg = Release|Any CPU
		{FF3DD7EC-C006-482B-9038-EC68408E962D}.Release|Any CPU.Build.0 = Release|Any CPU
		{ACB346AB-5554-425D-ADC5-D96673AF8C70}.Debug|Any CPU.ActiveCfg = Debug|Any CPU
		{ACB346AB-5554-425D-ADC5-D96673AF8C70}.Debug|Any CPU.Build.0 = Debug|Any CPU
		{ACB346AB-5554-425D-ADC5-D96673AF8C70}.Release|Any CPU.ActiveCfg = Release|Any CPU
		{ACB346AB-5554-425D-ADC5-D96673AF8C70}.Release|Any CPU.Build.0 = Release|Any CPU
	EndGlobalSection
	GlobalSection(SolutionProperties) = preSolution
		HideSolutionNode = FALSE
	EndGlobalSection
	GlobalSection(ExtensibilityGlobals) = postSolution
		SolutionGuid = {4A25892E-5055-4CDE-92C4-92A2F069CABB}
	EndGlobalSection
EndGlobal
